// !$*UTF8*$!
{
	archiveVersion = 1;
	classes = {
	};
	objectVersion = 51;
	objects = {

/* Begin PBXBuildFile section */
		1126816752BA69F0B6C68F45 /* Pods_Parstagram.framework in Frameworks */ = {isa = PBXBuildFile; fileRef = 0F291E2905C43A8DB28EED7C /* Pods_Parstagram.framework */; };
		22DF435BA3C0C671C4C5B5FE /* Pods_ParstagramTests.framework in Frameworks */ = {isa = PBXBuildFile; fileRef = 47AB39FFF4CDD8FA9F51A9BC /* Pods_ParstagramTests.framework */; };
		979056E1CF31AAA1F90815C0 /* Pods_Parstagram_ParstagramUITests.framework in Frameworks */ = {isa = PBXBuildFile; fileRef = 305F7FFF1BCDAE5D1FC40F3F /* Pods_Parstagram_ParstagramUITests.framework */; };
		D77B0A4826058D3700A8D81B /* AppDelegate.swift in Sources */ = {isa = PBXBuildFile; fileRef = D77B0A4726058D3700A8D81B /* AppDelegate.swift */; };
		D77B0A4A26058D3700A8D81B /* SceneDelegate.swift in Sources */ = {isa = PBXBuildFile; fileRef = D77B0A4926058D3700A8D81B /* SceneDelegate.swift */; };
		D77B0A4F26058D3700A8D81B /* Main.storyboard in Resources */ = {isa = PBXBuildFile; fileRef = D77B0A4D26058D3700A8D81B /* Main.storyboard */; };
		D77B0A5126058D3800A8D81B /* Assets.xcassets in Resources */ = {isa = PBXBuildFile; fileRef = D77B0A5026058D3800A8D81B /* Assets.xcassets */; };
		D77B0A5426058D3800A8D81B /* LaunchScreen.storyboard in Resources */ = {isa = PBXBuildFile; fileRef = D77B0A5226058D3800A8D81B /* LaunchScreen.storyboard */; };
		D77B0A5F26058D3800A8D81B /* ParstagramTests.swift in Sources */ = {isa = PBXBuildFile; fileRef = D77B0A5E26058D3800A8D81B /* ParstagramTests.swift */; };
		D77B0A6A26058D3800A8D81B /* ParstagramUITests.swift in Sources */ = {isa = PBXBuildFile; fileRef = D77B0A6926058D3800A8D81B /* ParstagramUITests.swift */; };
		D77B0A7F2605945000A8D81B /* LoginViewController.swift in Sources */ = {isa = PBXBuildFile; fileRef = D77B0A7E2605945000A8D81B /* LoginViewController.swift */; };
		D77B0A842605946500A8D81B /* FeedViewController.swift in Sources */ = {isa = PBXBuildFile; fileRef = D77B0A832605946500A8D81B /* FeedViewController.swift */; };
		D77B0A9526059F3400A8D81B /* cameraViewController.swift in Sources */ = {isa = PBXBuildFile; fileRef = D77B0A9426059F3400A8D81B /* cameraViewController.swift */; };
		D77B0AA52605ACF800A8D81B /* PostCell.swift in Sources */ = {isa = PBXBuildFile; fileRef = D77B0AA42605ACF800A8D81B /* PostCell.swift */; };
		D7BBF2C4260FE7200043B42A /* CommentCell.swift in Sources */ = {isa = PBXBuildFile; fileRef = D7BBF2C3260FE7200043B42A /* CommentCell.swift */; };
/* End PBXBuildFile section */

/* Begin PBXContainerItemProxy section */
		D77B0A5B26058D3800A8D81B /* PBXContainerItemProxy */ = {
			isa = PBXContainerItemProxy;
			containerPortal = D77B0A3C26058D3700A8D81B /* Project object */;
			proxyType = 1;
			remoteGlobalIDString = D77B0A4326058D3700A8D81B;
			remoteInfo = Parstagram;
		};
		D77B0A6626058D3800A8D81B /* PBXContainerItemProxy */ = {
			isa = PBXContainerItemProxy;
			containerPortal = D77B0A3C26058D3700A8D81B /* Project object */;
			proxyType = 1;
			remoteGlobalIDString = D77B0A4326058D3700A8D81B;
			remoteInfo = Parstagram;
		};
/* End PBXContainerItemProxy section */

/* Begin PBXFileReference section */
		078E361B893434BB2802297E /* Pods-Parstagram-ParstagramUITests.debug.xcconfig */ = {isa = PBXFileReference; includeInIndex = 1; lastKnownFileType = text.xcconfig; name = "Pods-Parstagram-ParstagramUITests.debug.xcconfig"; path = "Target Support Files/Pods-Parstagram-ParstagramUITests/Pods-Parstagram-ParstagramUITests.debug.xcconfig"; sourceTree = "<group>"; };
		0F291E2905C43A8DB28EED7C /* Pods_Parstagram.framework */ = {isa = PBXFileReference; explicitFileType = wrapper.framework; includeInIndex = 0; path = Pods_Parstagram.framework; sourceTree = BUILT_PRODUCTS_DIR; };
		0FA3C445FB98280055239A5F /* Pods-ParstagramTests.release.xcconfig */ = {isa = PBXFileReference; includeInIndex = 1; lastKnownFileType = text.xcconfig; name = "Pods-ParstagramTests.release.xcconfig"; path = "Target Support Files/Pods-ParstagramTests/Pods-ParstagramTests.release.xcconfig"; sourceTree = "<group>"; };
		1BFA23B5B91B5160587190A0 /* Pods-Parstagram.release.xcconfig */ = {isa = PBXFileReference; includeInIndex = 1; lastKnownFileType = text.xcconfig; name = "Pods-Parstagram.release.xcconfig"; path = "Target Support Files/Pods-Parstagram/Pods-Parstagram.release.xcconfig"; sourceTree = "<group>"; };
		305F7FFF1BCDAE5D1FC40F3F /* Pods_Parstagram_ParstagramUITests.framework */ = {isa = PBXFileReference; explicitFileType = wrapper.framework; includeInIndex = 0; path = Pods_Parstagram_ParstagramUITests.framework; sourceTree = BUILT_PRODUCTS_DIR; };
		47AB39FFF4CDD8FA9F51A9BC /* Pods_ParstagramTests.framework */ = {isa = PBXFileReference; explicitFileType = wrapper.framework; includeInIndex = 0; path = Pods_ParstagramTests.framework; sourceTree = BUILT_PRODUCTS_DIR; };
		95BB846F1D3120812280E432 /* Pods-ParstagramTests.debug.xcconfig */ = {isa = PBXFileReference; includeInIndex = 1; lastKnownFileType = text.xcconfig; name = "Pods-ParstagramTests.debug.xcconfig"; path = "Target Support Files/Pods-ParstagramTests/Pods-ParstagramTests.debug.xcconfig"; sourceTree = "<group>"; };
		D77B0A4426058D3700A8D81B /* Parstagram.app */ = {isa = PBXFileReference; explicitFileType = wrapper.application; includeInIndex = 0; path = Parstagram.app; sourceTree = BUILT_PRODUCTS_DIR; };
		D77B0A4726058D3700A8D81B /* AppDelegate.swift */ = {isa = PBXFileReference; lastKnownFileType = sourcecode.swift; path = AppDelegate.swift; sourceTree = "<group>"; };
		D77B0A4926058D3700A8D81B /* SceneDelegate.swift */ = {isa = PBXFileReference; lastKnownFileType = sourcecode.swift; path = SceneDelegate.swift; sourceTree = "<group>"; };
		D77B0A4E26058D3700A8D81B /* Base */ = {isa = PBXFileReference; lastKnownFileType = file.storyboard; name = Base; path = Base.lproj/Main.storyboard; sourceTree = "<group>"; };
		D77B0A5026058D3800A8D81B /* Assets.xcassets */ = {isa = PBXFileReference; lastKnownFileType = folder.assetcatalog; path = Assets.xcassets; sourceTree = "<group>"; };
		D77B0A5326058D3800A8D81B /* Base */ = {isa = PBXFileReference; lastKnownFileType = file.storyboard; name = Base; path = Base.lproj/LaunchScreen.storyboard; sourceTree = "<group>"; };
		D77B0A5526058D3800A8D81B /* Info.plist */ = {isa = PBXFileReference; lastKnownFileType = text.plist.xml; path = Info.plist; sourceTree = "<group>"; };
		D77B0A5A26058D3800A8D81B /* ParstagramTests.xctest */ = {isa = PBXFileReference; explicitFileType = wrapper.cfbundle; includeInIndex = 0; path = ParstagramTests.xctest; sourceTree = BUILT_PRODUCTS_DIR; };
		D77B0A5E26058D3800A8D81B /* ParstagramTests.swift */ = {isa = PBXFileReference; lastKnownFileType = sourcecode.swift; path = ParstagramTests.swift; sourceTree = "<group>"; };
		D77B0A6026058D3800A8D81B /* Info.plist */ = {isa = PBXFileReference; lastKnownFileType = text.plist.xml; path = Info.plist; sourceTree = "<group>"; };
		D77B0A6526058D3800A8D81B /* ParstagramUITests.xctest */ = {isa = PBXFileReference; explicitFileType = wrapper.cfbundle; includeInIndex = 0; path = ParstagramUITests.xctest; sourceTree = BUILT_PRODUCTS_DIR; };
		D77B0A6926058D3800A8D81B /* ParstagramUITests.swift */ = {isa = PBXFileReference; lastKnownFileType = sourcecode.swift; path = ParstagramUITests.swift; sourceTree = "<group>"; };
		D77B0A6B26058D3800A8D81B /* Info.plist */ = {isa = PBXFileReference; lastKnownFileType = text.plist.xml; path = Info.plist; sourceTree = "<group>"; };
		D77B0A7E2605945000A8D81B /* LoginViewController.swift */ = {isa = PBXFileReference; lastKnownFileType = sourcecode.swift; path = LoginViewController.swift; sourceTree = "<group>"; };
		D77B0A832605946500A8D81B /* FeedViewController.swift */ = {isa = PBXFileReference; lastKnownFileType = sourcecode.swift; path = FeedViewController.swift; sourceTree = "<group>"; };
		D77B0A9426059F3400A8D81B /* cameraViewController.swift */ = {isa = PBXFileReference; lastKnownFileType = sourcecode.swift; path = cameraViewController.swift; sourceTree = "<group>"; };
		D77B0AA42605ACF800A8D81B /* PostCell.swift */ = {isa = PBXFileReference; lastKnownFileType = sourcecode.swift; path = PostCell.swift; sourceTree = "<group>"; };
		D78E6CE784CF507109069B17 /* Pods-Parstagram-ParstagramUITests.release.xcconfig */ = {isa = PBXFileReference; includeInIndex = 1; lastKnownFileType = text.xcconfig; name = "Pods-Parstagram-ParstagramUITests.release.xcconfig"; path = "Target Support Files/Pods-Parstagram-ParstagramUITests/Pods-Parstagram-ParstagramUITests.release.xcconfig"; sourceTree = "<group>"; };
		D7BBF2C3260FE7200043B42A /* CommentCell.swift */ = {isa = PBXFileReference; lastKnownFileType = sourcecode.swift; path = CommentCell.swift; sourceTree = "<group>"; };
		F2A454C8128C09353ABE95BF /* Pods-Parstagram.debug.xcconfig */ = {isa = PBXFileReference; includeInIndex = 1; lastKnownFileType = text.xcconfig; name = "Pods-Parstagram.debug.xcconfig"; path = "Target Support Files/Pods-Parstagram/Pods-Parstagram.debug.xcconfig"; sourceTree = "<group>"; };
/* End PBXFileReference section */

/* Begin PBXFrameworksBuildPhase section */
		D77B0A4126058D3700A8D81B /* Frameworks */ = {
			isa = PBXFrameworksBuildPhase;
			buildActionMask = 2147483647;
			files = (
				1126816752BA69F0B6C68F45 /* Pods_Parstagram.framework in Frameworks */,
			);
			runOnlyForDeploymentPostprocessing = 0;
		};
		D77B0A5726058D3800A8D81B /* Frameworks */ = {
			isa = PBXFrameworksBuildPhase;
			buildActionMask = 2147483647;
			files = (
				22DF435BA3C0C671C4C5B5FE /* Pods_ParstagramTests.framework in Frameworks */,
			);
			runOnlyForDeploymentPostprocessing = 0;
		};
		D77B0A6226058D3800A8D81B /* Frameworks */ = {
			isa = PBXFrameworksBuildPhase;
			buildActionMask = 2147483647;
			files = (
				979056E1CF31AAA1F90815C0 /* Pods_Parstagram_ParstagramUITests.framework in Frameworks */,
			);
			runOnlyForDeploymentPostprocessing = 0;
		};
/* End PBXFrameworksBuildPhase section */

/* Begin PBXGroup section */
		7CA53429893BBB500C729EFA /* Pods */ = {
			isa = PBXGroup;
			children = (
				F2A454C8128C09353ABE95BF /* Pods-Parstagram.debug.xcconfig */,
				1BFA23B5B91B5160587190A0 /* Pods-Parstagram.release.xcconfig */,
				078E361B893434BB2802297E /* Pods-Parstagram-ParstagramUITests.debug.xcconfig */,
				D78E6CE784CF507109069B17 /* Pods-Parstagram-ParstagramUITests.release.xcconfig */,
				95BB846F1D3120812280E432 /* Pods-ParstagramTests.debug.xcconfig */,
				0FA3C445FB98280055239A5F /* Pods-ParstagramTests.release.xcconfig */,
			);
			path = Pods;
			sourceTree = "<group>";
		};
		D77B0A3B26058D3700A8D81B = {
			isa = PBXGroup;
			children = (
				D77B0A4626058D3700A8D81B /* Parstagram */,
				D77B0A5D26058D3800A8D81B /* ParstagramTests */,
				D77B0A6826058D3800A8D81B /* ParstagramUITests */,
				D77B0A4526058D3700A8D81B /* Products */,
				7CA53429893BBB500C729EFA /* Pods */,
				E16C80049441BD55D4904D30 /* Frameworks */,
			);
			sourceTree = "<group>";
		};
		D77B0A4526058D3700A8D81B /* Products */ = {
			isa = PBXGroup;
			children = (
				D77B0A4426058D3700A8D81B /* Parstagram.app */,
				D77B0A5A26058D3800A8D81B /* ParstagramTests.xctest */,
				D77B0A6526058D3800A8D81B /* ParstagramUITests.xctest */,
			);
			name = Products;
			sourceTree = "<group>";
		};
		D77B0A4626058D3700A8D81B /* Parstagram */ = {
			isa = PBXGroup;
			children = (
				D77B0A4726058D3700A8D81B /* AppDelegate.swift */,
				D77B0A4926058D3700A8D81B /* SceneDelegate.swift */,
				D77B0A4D26058D3700A8D81B /* Main.storyboard */,
				D77B0A5026058D3800A8D81B /* Assets.xcassets */,
				D77B0A5226058D3800A8D81B /* LaunchScreen.storyboard */,
				D77B0A5526058D3800A8D81B /* Info.plist */,
				D77B0A7E2605945000A8D81B /* LoginViewController.swift */,
				D77B0A832605946500A8D81B /* FeedViewController.swift */,
				D77B0A9426059F3400A8D81B /* cameraViewController.swift */,
				D77B0AA42605ACF800A8D81B /* PostCell.swift */,
				D7BBF2C3260FE7200043B42A /* CommentCell.swift */,
			);
			path = Parstagram;
			sourceTree = "<group>";
		};
		D77B0A5D26058D3800A8D81B /* ParstagramTests */ = {
			isa = PBXGroup;
			children = (
				D77B0A5E26058D3800A8D81B /* ParstagramTests.swift */,
				D77B0A6026058D3800A8D81B /* Info.plist */,
			);
			path = ParstagramTests;
			sourceTree = "<group>";
		};
		D77B0A6826058D3800A8D81B /* ParstagramUITests */ = {
			isa = PBXGroup;
			children = (
				D77B0A6926058D3800A8D81B /* ParstagramUITests.swift */,
				D77B0A6B26058D3800A8D81B /* Info.plist */,
			);
			path = ParstagramUITests;
			sourceTree = "<group>";
		};
		E16C80049441BD55D4904D30 /* Frameworks */ = {
			isa = PBXGroup;
			children = (
				0F291E2905C43A8DB28EED7C /* Pods_Parstagram.framework */,
				305F7FFF1BCDAE5D1FC40F3F /* Pods_Parstagram_ParstagramUITests.framework */,
				47AB39FFF4CDD8FA9F51A9BC /* Pods_ParstagramTests.framework */,
			);
			name = Frameworks;
			sourceTree = "<group>";
		};
/* End PBXGroup section */

/* Begin PBXNativeTarget section */
		D77B0A4326058D3700A8D81B /* Parstagram */ = {
			isa = PBXNativeTarget;
			buildConfigurationList = D77B0A6E26058D3800A8D81B /* Build configuration list for PBXNativeTarget "Parstagram" */;
			buildPhases = (
				4C95D6E2D7CDDEADBA253806 /* [CP] Check Pods Manifest.lock */,
				D77B0A4026058D3700A8D81B /* Sources */,
				D77B0A4126058D3700A8D81B /* Frameworks */,
				D77B0A4226058D3700A8D81B /* Resources */,
				AF64308B8BC14122590CE84F /* [CP] Embed Pods Frameworks */,
			);
			buildRules = (
			);
			dependencies = (
			);
			name = Parstagram;
			productName = Parstagram;
			productReference = D77B0A4426058D3700A8D81B /* Parstagram.app */;
			productType = "com.apple.product-type.application";
		};
		D77B0A5926058D3800A8D81B /* ParstagramTests */ = {
			isa = PBXNativeTarget;
			buildConfigurationList = D77B0A7126058D3800A8D81B /* Build configuration list for PBXNativeTarget "ParstagramTests" */;
			buildPhases = (
				9F84AB357C27626C9B4810F7 /* [CP] Check Pods Manifest.lock */,
				D77B0A5626058D3800A8D81B /* Sources */,
				D77B0A5726058D3800A8D81B /* Frameworks */,
				D77B0A5826058D3800A8D81B /* Resources */,
			);
			buildRules = (
			);
			dependencies = (
				D77B0A5C26058D3800A8D81B /* PBXTargetDependency */,
			);
			name = ParstagramTests;
			productName = ParstagramTests;
			productReference = D77B0A5A26058D3800A8D81B /* ParstagramTests.xctest */;
			productType = "com.apple.product-type.bundle.unit-test";
		};
		D77B0A6426058D3800A8D81B /* ParstagramUITests */ = {
			isa = PBXNativeTarget;
			buildConfigurationList = D77B0A7426058D3800A8D81B /* Build configuration list for PBXNativeTarget "ParstagramUITests" */;
			buildPhases = (
				EB6A3BB62278ACE561C19614 /* [CP] Check Pods Manifest.lock */,
				D77B0A6126058D3800A8D81B /* Sources */,
				D77B0A6226058D3800A8D81B /* Frameworks */,
				D77B0A6326058D3800A8D81B /* Resources */,
				2C7FFF0755BD8F6C4831E024 /* [CP] Embed Pods Frameworks */,
			);
			buildRules = (
			);
			dependencies = (
				D77B0A6726058D3800A8D81B /* PBXTargetDependency */,
			);
			name = ParstagramUITests;
			productName = ParstagramUITests;
			productReference = D77B0A6526058D3800A8D81B /* ParstagramUITests.xctest */;
			productType = "com.apple.product-type.bundle.ui-testing";
		};
/* End PBXNativeTarget section */

/* Begin PBXProject section */
		D77B0A3C26058D3700A8D81B /* Project object */ = {
			isa = PBXProject;
			attributes = {
				LastSwiftUpdateCheck = 1240;
				LastUpgradeCheck = 1240;
				TargetAttributes = {
					D77B0A4326058D3700A8D81B = {
						CreatedOnToolsVersion = 12.4;
					};
					D77B0A5926058D3800A8D81B = {
						CreatedOnToolsVersion = 12.4;
						TestTargetID = D77B0A4326058D3700A8D81B;
					};
					D77B0A6426058D3800A8D81B = {
						CreatedOnToolsVersion = 12.4;
						TestTargetID = D77B0A4326058D3700A8D81B;
					};
				};
			};
			buildConfigurationList = D77B0A3F26058D3700A8D81B /* Build configuration list for PBXProject "Parstagram" */;
			compatibilityVersion = "Xcode 9.3";
			developmentRegion = en;
			hasScannedForEncodings = 0;
			knownRegions = (
				en,
				Base,
			);
			mainGroup = D77B0A3B26058D3700A8D81B;
			productRefGroup = D77B0A4526058D3700A8D81B /* Products */;
			projectDirPath = "";
			projectRoot = "";
			targets = (
				D77B0A4326058D3700A8D81B /* Parstagram */,
				D77B0A5926058D3800A8D81B /* ParstagramTests */,
				D77B0A6426058D3800A8D81B /* ParstagramUITests */,
			);
		};
/* End PBXProject section */

/* Begin PBXResourcesBuildPhase section */
		D77B0A4226058D3700A8D81B /* Resources */ = {
			isa = PBXResourcesBuildPhase;
			buildActionMask = 2147483647;
			files = (
				D77B0A5426058D3800A8D81B /* LaunchScreen.storyboard in Resources */,
				D77B0A5126058D3800A8D81B /* Assets.xcassets in Resources */,
				D77B0A4F26058D3700A8D81B /* Main.storyboard in Resources */,
			);
			runOnlyForDeploymentPostprocessing = 0;
		};
		D77B0A5826058D3800A8D81B /* Resources */ = {
			isa = PBXResourcesBuildPhase;
			buildActionMask = 2147483647;
			files = (
			);
			runOnlyForDeploymentPostprocessing = 0;
		};
		D77B0A6326058D3800A8D81B /* Resources */ = {
			isa = PBXResourcesBuildPhase;
			buildActionMask = 2147483647;
			files = (
			);
			runOnlyForDeploymentPostprocessing = 0;
		};
/* End PBXResourcesBuildPhase section */

/* Begin PBXShellScriptBuildPhase section */
		2C7FFF0755BD8F6C4831E024 /* [CP] Embed Pods Frameworks */ = {
			isa = PBXShellScriptBuildPhase;
			buildActionMask = 2147483647;
			files = (
			);
			inputFileListPaths = (
				"${PODS_ROOT}/Target Support Files/Pods-Parstagram-ParstagramUITests/Pods-Parstagram-ParstagramUITests-frameworks-${CONFIGURATION}-input-files.xcfilelist",
			);
			name = "[CP] Embed Pods Frameworks";
			outputFileListPaths = (
				"${PODS_ROOT}/Target Support Files/Pods-Parstagram-ParstagramUITests/Pods-Parstagram-ParstagramUITests-frameworks-${CONFIGURATION}-output-files.xcfilelist",
			);
			runOnlyForDeploymentPostprocessing = 0;
			shellPath = /bin/sh;
			shellScript = "\"${PODS_ROOT}/Target Support Files/Pods-Parstagram-ParstagramUITests/Pods-Parstagram-ParstagramUITests-frameworks.sh\"\n";
			showEnvVarsInLog = 0;
		};
		4C95D6E2D7CDDEADBA253806 /* [CP] Check Pods Manifest.lock */ = {
			isa = PBXShellScriptBuildPhase;
			buildActionMask = 2147483647;
			files = (
			);
			inputFileListPaths = (
			);
			inputPaths = (
				"${PODS_PODFILE_DIR_PATH}/Podfile.lock",
				"${PODS_ROOT}/Manifest.lock",
			);
			name = "[CP] Check Pods Manifest.lock";
			outputFileListPaths = (
			);
			outputPaths = (
				"$(DERIVED_FILE_DIR)/Pods-Parstagram-checkManifestLockResult.txt",
			);
			runOnlyForDeploymentPostprocessing = 0;
			shellPath = /bin/sh;
			shellScript = "diff \"${PODS_PODFILE_DIR_PATH}/Podfile.lock\" \"${PODS_ROOT}/Manifest.lock\" > /dev/null\nif [ $? != 0 ] ; then\n    # print error to STDERR\n    echo \"error: The sandbox is not in sync with the Podfile.lock. Run 'pod install' or update your CocoaPods installation.\" >&2\n    exit 1\nfi\n# This output is used by Xcode 'outputs' to avoid re-running this script phase.\necho \"SUCCESS\" > \"${SCRIPT_OUTPUT_FILE_0}\"\n";
			showEnvVarsInLog = 0;
		};
		9F84AB357C27626C9B4810F7 /* [CP] Check Pods Manifest.lock */ = {
			isa = PBXShellScriptBuildPhase;
			buildActionMask = 2147483647;
			files = (
			);
			inputFileListPaths = (
			);
			inputPaths = (
				"${PODS_PODFILE_DIR_PATH}/Podfile.lock",
				"${PODS_ROOT}/Manifest.lock",
			);
			name = "[CP] Check Pods Manifest.lock";
			outputFileListPaths = (
			);
			outputPaths = (
				"$(DERIVED_FILE_DIR)/Pods-ParstagramTests-checkManifestLockResult.txt",
			);
			runOnlyForDeploymentPostprocessing = 0;
			shellPath = /bin/sh;
			shellScript = "diff \"${PODS_PODFILE_DIR_PATH}/Podfile.lock\" \"${PODS_ROOT}/Manifest.lock\" > /dev/null\nif [ $? != 0 ] ; then\n    # print error to STDERR\n    echo \"error: The sandbox is not in sync with the Podfile.lock. Run 'pod install' or update your CocoaPods installation.\" >&2\n    exit 1\nfi\n# This output is used by Xcode 'outputs' to avoid re-running this script phase.\necho \"SUCCESS\" > \"${SCRIPT_OUTPUT_FILE_0}\"\n";
			showEnvVarsInLog = 0;
		};
		AF64308B8BC14122590CE84F /* [CP] Embed Pods Frameworks */ = {
			isa = PBXShellScriptBuildPhase;
			buildActionMask = 2147483647;
			files = (
			);
			inputFileListPaths = (
				"${PODS_ROOT}/Target Support Files/Pods-Parstagram/Pods-Parstagram-frameworks-${CONFIGURATION}-input-files.xcfilelist",
			);
			name = "[CP] Embed Pods Frameworks";
			outputFileListPaths = (
				"${PODS_ROOT}/Target Support Files/Pods-Parstagram/Pods-Parstagram-frameworks-${CONFIGURATION}-output-files.xcfilelist",
			);
			runOnlyForDeploymentPostprocessing = 0;
			shellPath = /bin/sh;
			shellScript = "\"${PODS_ROOT}/Target Support Files/Pods-Parstagram/Pods-Parstagram-frameworks.sh\"\n";
			showEnvVarsInLog = 0;
		};
		EB6A3BB62278ACE561C19614 /* [CP] Check Pods Manifest.lock */ = {
			isa = PBXShellScriptBuildPhase;
			buildActionMask = 2147483647;
			files = (
			);
			inputFileListPaths = (
			);
			inputPaths = (
				"${PODS_PODFILE_DIR_PATH}/Podfile.lock",
				"${PODS_ROOT}/Manifest.lock",
			);
			name = "[CP] Check Pods Manifest.lock";
			outputFileListPaths = (
			);
			outputPaths = (
				"$(DERIVED_FILE_DIR)/Pods-Parstagram-ParstagramUITests-checkManifestLockResult.txt",
			);
			runOnlyForDeploymentPostprocessing = 0;
			shellPath = /bin/sh;
			shellScript = "diff \"${PODS_PODFILE_DIR_PATH}/Podfile.lock\" \"${PODS_ROOT}/Manifest.lock\" > /dev/null\nif [ $? != 0 ] ; then\n    # print error to STDERR\n    echo \"error: The sandbox is not in sync with the Podfile.lock. Run 'pod install' or update your CocoaPods installation.\" >&2\n    exit 1\nfi\n# This output is used by Xcode 'outputs' to avoid re-running this script phase.\necho \"SUCCESS\" > \"${SCRIPT_OUTPUT_FILE_0}\"\n";
			showEnvVarsInLog = 0;
		};
/* End PBXShellScriptBuildPhase section */

/* Begin PBXSourcesBuildPhase section */
		D77B0A4026058D3700A8D81B /* Sources */ = {
			isa = PBXSourcesBuildPhase;
			buildActionMask = 2147483647;
			files = (
				D77B0A7F2605945000A8D81B /* LoginViewController.swift in Sources */,
				D77B0A4826058D3700A8D81B /* AppDelegate.swift in Sources */,
				D77B0A9526059F3400A8D81B /* cameraViewController.swift in Sources */,
				D77B0A842605946500A8D81B /* FeedViewController.swift in Sources */,
				D77B0A4A26058D3700A8D81B /* SceneDelegate.swift in Sources */,
				D77B0AA52605ACF800A8D81B /* PostCell.swift in Sources */,
				D7BBF2C4260FE7200043B42A /* CommentCell.swift in Sources */,
			);
			runOnlyForDeploymentPostprocessing = 0;
		};
		D77B0A5626058D3800A8D81B /* Sources */ = {
			isa = PBXSourcesBuildPhase;
			buildActionMask = 2147483647;
			files = (
				D77B0A5F26058D3800A8D81B /* ParstagramTests.swift in Sources */,
			);
			runOnlyForDeploymentPostprocessing = 0;
		};
		D77B0A6126058D3800A8D81B /* Sources */ = {
			isa = PBXSourcesBuildPhase;
			buildActionMask = 2147483647;
			files = (
				D77B0A6A26058D3800A8D81B /* ParstagramUITests.swift in Sources */,
			);
			runOnlyForDeploymentPostprocessing = 0;
		};
/* End PBXSourcesBuildPhase section */

/* Begin PBXTargetDependency section */
		D77B0A5C26058D3800A8D81B /* PBXTargetDependency */ = {
			isa = PBXTargetDependency;
			target = D77B0A4326058D3700A8D81B /* Parstagram */;
			targetProxy = D77B0A5B26058D3800A8D81B /* PBXContainerItemProxy */;
		};
		D77B0A6726058D3800A8D81B /* PBXTargetDependency */ = {
			isa = PBXTargetDependency;
			target = D77B0A4326058D3700A8D81B /* Parstagram */;
			targetProxy = D77B0A6626058D3800A8D81B /* PBXContainerItemProxy */;
		};
/* End PBXTargetDependency section */

/* Begin PBXVariantGroup section */
		D77B0A4D26058D3700A8D81B /* Main.storyboard */ = {
			isa = PBXVariantGroup;
			children = (
				D77B0A4E26058D3700A8D81B /* Base */,
			);
			name = Main.storyboard;
			sourceTree = "<group>";
		};
		D77B0A5226058D3800A8D81B /* LaunchScreen.storyboard */ = {
			isa = PBXVariantGroup;
			children = (
				D77B0A5326058D3800A8D81B /* Base */,
			);
			name = LaunchScreen.storyboard;
			sourceTree = "<group>";
		};
/* End PBXVariantGroup section */

/* Begin XCBuildConfiguration section */
		D77B0A6C26058D3800A8D81B /* Debug */ = {
			isa = XCBuildConfiguration;
			buildSettings = {
				ALWAYS_SEARCH_USER_PATHS = NO;
				CLANG_ANALYZER_NONNULL = YES;
				CLANG_ANALYZER_NUMBER_OBJECT_CONVERSION = YES_AGGRESSIVE;
				CLANG_CXX_LANGUAGE_STANDARD = "gnu++14";
				CLANG_CXX_LIBRARY = "libc++";
				CLANG_ENABLE_MODULES = YES;
				CLANG_ENABLE_OBJC_ARC = YES;
				CLANG_ENABLE_OBJC_WEAK = YES;
				CLANG_WARN_BLOCK_CAPTURE_AUTORELEASING = YES;
				CLANG_WARN_BOOL_CONVERSION = YES;
				CLANG_WARN_COMMA = YES;
				CLANG_WARN_CONSTANT_CONVERSION = YES;
				CLANG_WARN_DEPRECATED_OBJC_IMPLEMENTATIONS = YES;
				CLANG_WARN_DIRECT_OBJC_ISA_USAGE = YES_ERROR;
				CLANG_WARN_DOCUMENTATION_COMMENTS = YES;
				CLANG_WARN_EMPTY_BODY = YES;
				CLANG_WARN_ENUM_CONVERSION = YES;
				CLANG_WARN_INFINITE_RECURSION = YES;
				CLANG_WARN_INT_CONVERSION = YES;
				CLANG_WARN_NON_LITERAL_NULL_CONVERSION = YES;
				CLANG_WARN_OBJC_IMPLICIT_RETAIN_SELF = YES;
				CLANG_WARN_OBJC_LITERAL_CONVERSION = YES;
				CLANG_WARN_OBJC_ROOT_CLASS = YES_ERROR;
				CLANG_WARN_QUOTED_INCLUDE_IN_FRAMEWORK_HEADER = YES;
				CLANG_WARN_RANGE_LOOP_ANALYSIS = YES;
				CLANG_WARN_STRICT_PROTOTYPES = YES;
				CLANG_WARN_SUSPICIOUS_MOVE = YES;
				CLANG_WARN_UNGUARDED_AVAILABILITY = YES_AGGRESSIVE;
				CLANG_WARN_UNREACHABLE_CODE = YES;
				CLANG_WARN__DUPLICATE_METHOD_MATCH = YES;
				COPY_PHASE_STRIP = NO;
				DEBUG_INFORMATION_FORMAT = dwarf;
				ENABLE_STRICT_OBJC_MSGSEND = YES;
				ENABLE_TESTABILITY = YES;
				GCC_C_LANGUAGE_STANDARD = gnu11;
				GCC_DYNAMIC_NO_PIC = NO;
				GCC_NO_COMMON_BLOCKS = YES;
				GCC_OPTIMIZATION_LEVEL = 0;
				GCC_PREPROCESSOR_DEFINITIONS = (
					"DEBUG=1",
					"$(inherited)",
				);
				GCC_WARN_64_TO_32_BIT_CONVERSION = YES;
				GCC_WARN_ABOUT_RETURN_TYPE = YES_ERROR;
				GCC_WARN_UNDECLARED_SELECTOR = YES;
				GCC_WARN_UNINITIALIZED_AUTOS = YES_AGGRESSIVE;
				GCC_WARN_UNUSED_FUNCTION = YES;
				GCC_WARN_UNUSED_VARIABLE = YES;
				IPHONEOS_DEPLOYMENT_TARGET = 14.4;
				MTL_ENABLE_DEBUG_INFO = INCLUDE_SOURCE;
				MTL_FAST_MATH = YES;
				ONLY_ACTIVE_ARCH = YES;
				SDKROOT = iphoneos;
				SWIFT_ACTIVE_COMPILATION_CONDITIONS = DEBUG;
				SWIFT_OPTIMIZATION_LEVEL = "-Onone";
			};
			name = Debug;
		};
		D77B0A6D26058D3800A8D81B /* Release */ = {
			isa = XCBuildConfiguration;
			buildSettings = {
				ALWAYS_SEARCH_USER_PATHS = NO;
				CLANG_ANALYZER_NONNULL = YES;
				CLANG_ANALYZER_NUMBER_OBJECT_CONVERSION = YES_AGGRESSIVE;
				CLANG_CXX_LANGUAGE_STANDARD = "gnu++14";
				CLANG_CXX_LIBRARY = "libc++";
				CLANG_ENABLE_MODULES = YES;
				CLANG_ENABLE_OBJC_ARC = YES;
				CLANG_ENABLE_OBJC_WEAK = YES;
				CLANG_WARN_BLOCK_CAPTURE_AUTORELEASING = YES;
				CLANG_WARN_BOOL_CONVERSION = YES;
				CLANG_WARN_COMMA = YES;
				CLANG_WARN_CONSTANT_CONVERSION = YES;
				CLANG_WARN_DEPRECATED_OBJC_IMPLEMENTATIONS = YES;
				CLANG_WARN_DIRECT_OBJC_ISA_USAGE = YES_ERROR;
				CLANG_WARN_DOCUMENTATION_COMMENTS = YES;
				CLANG_WARN_EMPTY_BODY = YES;
				CLANG_WARN_ENUM_CONVERSION = YES;
				CLANG_WARN_INFINITE_RECURSION = YES;
				CLANG_WARN_INT_CONVERSION = YES;
				CLANG_WARN_NON_LITERAL_NULL_CONVERSION = YES;
				CLANG_WARN_OBJC_IMPLICIT_RETAIN_SELF = YES;
				CLANG_WARN_OBJC_LITERAL_CONVERSION = YES;
				CLANG_WARN_OBJC_ROOT_CLASS = YES_ERROR;
				CLANG_WARN_QUOTED_INCLUDE_IN_FRAMEWORK_HEADER = YES;
				CLANG_WARN_RANGE_LOOP_ANALYSIS = YES;
				CLANG_WARN_STRICT_PROTOTYPES = YES;
				CLANG_WARN_SUSPICIOUS_MOVE = YES;
				CLANG_WARN_UNGUARDED_AVAILABILITY = YES_AGGRESSIVE;
				CLANG_WARN_UNREACHABLE_CODE = YES;
				CLANG_WARN__DUPLICATE_METHOD_MATCH = YES;
				COPY_PHASE_STRIP = NO;
				DEBUG_INFORMATION_FORMAT = "dwarf-with-dsym";
				ENABLE_NS_ASSERTIONS = NO;
				ENABLE_STRICT_OBJC_MSGSEND = YES;
				GCC_C_LANGUAGE_STANDARD = gnu11;
				GCC_NO_COMMON_BLOCKS = YES;
				GCC_WARN_64_TO_32_BIT_CONVERSION = YES;
				GCC_WARN_ABOUT_RETURN_TYPE = YES_ERROR;
				GCC_WARN_UNDECLARED_SELECTOR = YES;
				GCC_WARN_UNINITIALIZED_AUTOS = YES_AGGRESSIVE;
				GCC_WARN_UNUSED_FUNCTION = YES;
				GCC_WARN_UNUSED_VARIABLE = YES;
				IPHONEOS_DEPLOYMENT_TARGET = 14.4;
				MTL_ENABLE_DEBUG_INFO = NO;
				MTL_FAST_MATH = YES;
				SDKROOT = iphoneos;
				SWIFT_COMPILATION_MODE = wholemodule;
				SWIFT_OPTIMIZATION_LEVEL = "-O";
				VALIDATE_PRODUCT = YES;
			};
			name = Release;
		};
		D77B0A6F26058D3800A8D81B /* Debug */ = {
			isa = XCBuildConfiguration;
			baseConfigurationReference = F2A454C8128C09353ABE95BF /* Pods-Parstagram.debug.xcconfig */;
			buildSettings = {
				ASSETCATALOG_COMPILER_APPICON_NAME = AppIcon;
				ASSETCATALOG_COMPILER_GLOBAL_ACCENT_COLOR_NAME = AccentColor;
				CODE_SIGN_STYLE = Automatic;
				INFOPLIST_FILE = Parstagram/Info.plist;
				LD_RUNPATH_SEARCH_PATHS = (
					"$(inherited)",
					"@executable_path/Frameworks",
				);
				PRODUCT_BUNDLE_IDENTIFIER = codepath.Parstagram;
				PRODUCT_NAME = "$(TARGET_NAME)";
				SWIFT_VERSION = 5.0;
				TARGETED_DEVICE_FAMILY = "1,2";
			};
			name = Debug;
		};
		D77B0A7026058D3800A8D81B /* Release */ = {
			isa = XCBuildConfiguration;
			baseConfigurationReference = 1BFA23B5B91B5160587190A0 /* Pods-Parstagram.release.xcconfig */;
			buildSettings = {
				ASSETCATALOG_COMPILER_APPICON_NAME = AppIcon;
				ASSETCATALOG_COMPILER_GLOBAL_ACCENT_COLOR_NAME = AccentColor;
				CODE_SIGN_STYLE = Automatic;
				INFOPLIST_FILE = Parstagram/Info.plist;
				LD_RUNPATH_SEARCH_PATHS = (
					"$(inherited)",
					"@executable_path/Frameworks",
				);
				PRODUCT_BUNDLE_IDENTIFIER = codepath.Parstagram;
				PRODUCT_NAME = "$(TARGET_NAME)";
				SWIFT_VERSION = 5.0;
				TARGETED_DEVICE_FAMILY = "1,2";
			};
			name = Release;
		};
		D77B0A7226058D3800A8D81B /* Debug */ = {
			isa = XCBuildConfiguration;
			baseConfigurationReference = 95BB846F1D3120812280E432 /* Pods-ParstagramTests.debug.xcconfig */;
			buildSettings = {
				ALWAYS_EMBED_SWIFT_STANDARD_LIBRARIES = YES;
				BUNDLE_LOADER = "$(TEST_HOST)";
				CODE_SIGN_STYLE = Automatic;
				INFOPLIST_FILE = ParstagramTests/Info.plist;
				IPHONEOS_DEPLOYMENT_TARGET = 14.4;
				LD_RUNPATH_SEARCH_PATHS = (
					"$(inherited)",
					"@executable_path/Frameworks",
					"@loader_path/Frameworks",
				);
				PRODUCT_BUNDLE_IDENTIFIER = codepath.ParstagramTests;
				PRODUCT_NAME = "$(TARGET_NAME)";
				SWIFT_VERSION = 5.0;
				TARGETED_DEVICE_FAMILY = "1,2";
				TEST_HOST = "$(BUILT_PRODUCTS_DIR)/Parstagram.app/Parstagram";
			};
			name = Debug;
		};
		D77B0A7326058D3800A8D81B /* Release */ = {
			isa = XCBuildConfiguration;
			baseConfigurationReference = 0FA3C445FB98280055239A5F /* Pods-ParstagramTests.release.xcconfig */;
			buildSettings = {
				ALWAYS_EMBED_SWIFT_STANDARD_LIBRARIES = YES;
				BUNDLE_LOADER = "$(TEST_HOST)";
				CODE_SIGN_STYLE = Automatic;
				INFOPLIST_FILE = ParstagramTests/Info.plist;
				IPHONEOS_DEPLOYMENT_TARGET = 14.4;
				LD_RUNPATH_SEARCH_PATHS = (
					"$(inherited)",
					"@executable_path/Frameworks",
					"@loader_path/Frameworks",
				);
				PRODUCT_BUNDLE_IDENTIFIER = codepath.ParstagramTests;
				PRODUCT_NAME = "$(TARGET_NAME)";
				SWIFT_VERSION = 5.0;
				TARGETED_DEVICE_FAMILY = "1,2";
				TEST_HOST = "$(BUILT_PRODUCTS_DIR)/Parstagram.app/Parstagram";
			};
			name = Release;
		};
		D77B0A7526058D3800A8D81B /* Debug */ = {
			isa = XCBuildConfiguration;
			baseConfigurationReference = 078E361B893434BB2802297E /* Pods-Parstagram-ParstagramUITests.debug.xcconfig */;
			buildSettings = {
				ALWAYS_EMBED_SWIFT_STANDARD_LIBRARIES = YES;
				CODE_SIGN_STYLE = Automatic;
				INFOPLIST_FILE = ParstagramUITests/Info.plist;
				LD_RUNPATH_SEARCH_PATHS = (
					"$(inherited)",
					"@executable_path/Frameworks",
					"@loader_path/Frameworks",
				);
				PRODUCT_BUNDLE_IDENTIFIER = codepath.ParstagramUITests;
				PRODUCT_NAME = "$(TARGET_NAME)";
				SWIFT_VERSION = 5.0;
				TARGETED_DEVICE_FAMILY = "1,2";
				TEST_TARGET_NAME = Parstagram;
			};
			name = Debug;
		};
		D77B0A7626058D3800A8D81B /* Release */ = {
			isa = XCBuildConfiguration;
			baseConfigurationReference = D78E6CE784CF507109069B17 /* Pods-Parstagram-ParstagramUITests.release.xcconfig */;
			buildSettings = {
				ALWAYS_EMBED_SWIFT_STANDARD_LIBRARIES = YES;
				CODE_SIGN_STYLE = Automatic;
				INFOPLIST_FILE = ParstagramUITests/Info.plist;
				LD_RUNPATH_SEARCH_PATHS = (
					"$(inherited)",
					"@executable_path/Frameworks",
					"@loader_path/Frameworks",
				);
				PRODUCT_BUNDLE_IDENTIFIER = codepath.ParstagramUITests;
				PRODUCT_NAME = "$(TARGET_NAME)";
				SWIFT_VERSION = 5.0;
				TARGETED_DEVICE_FAMILY = "1,2";
				TEST_TARGET_NAME = Parstagram;
			};
			name = Release;
		};
/* End XCBuildConfiguration section */

/* Begin XCConfigurationList section */
		D77B0A3F26058D3700A8D81B /* Build configuration list for PBXProject "Parstagram" */ = {
			isa = XCConfigurationList;
			buildConfigurations = (
				D77B0A6C26058D3800A8D81B /* Debug */,
				D77B0A6D26058D3800A8D81B /* Release */,
			);
			defaultConfigurationIsVisible = 0;
			defaultConfigurationName = Release;
		};
		D77B0A6E26058D3800A8D81B /* Build configuration list for PBXNativeTarget "Parstagram" */ = {
			isa = XCConfigurationList;
			buildConfigurations = (
				D77B0A6F26058D3800A8D81B /* Debug */,
				D77B0A7026058D3800A8D81B /* Release */,
			);
			defaultConfigurationIsVisible = 0;
			defaultConfigurationName = Release;
		};
		D77B0A7126058D3800A8D81B /* Build configuration list for PBXNativeTarget "ParstagramTests" */ = {
			isa = XCConfigurationList;
			buildConfigurations = (
				D77B0A7226058D3800A8D81B /* Debug */,
				D77B0A7326058D3800A8D81B /* Release */,
			);
			defaultConfigurationIsVisible = 0;
			defaultConfigurationName = Release;
		};
		D77B0A7426058D3800A8D81B /* Build configuration list for PBXNativeTarget "ParstagramUITests" */ = {
			isa = XCConfigurationList;
			buildConfigurations = (
				D77B0A7526058D3800A8D81B /* Debug */,
				D77B0A7626058D3800A8D81B /* Release */,
			);
			defaultConfigurationIsVisible = 0;
			defaultConfigurationName = Release;
		};
/* End XCConfigurationList section */
	};
	rootObject = D77B0A3C26058D3700A8D81B /* Project object */;
}
