// !$*UTF8*$!
{
	archiveVersion = 1;
	classes = {
	};
	objectVersion = 50;
	objects = {

/* Begin PBXBuildFile section */
		D77B0A4826058D3700A8D81B /* AppDelegate.swift in Sources */ = {isa = PBXBuildFile; fileRef = D77B0A4726058D3700A8D81B /* AppDelegate.swift */; };
		D77B0A4A26058D3700A8D81B /* SceneDelegate.swift in Sources */ = {isa = PBXBuildFile; fileRef = D77B0A4926058D3700A8D81B /* SceneDelegate.swift */; };
		D77B0A4C26058D3700A8D81B /* ViewController.swift in Sources */ = {isa = PBXBuildFile; fileRef = D77B0A4B26058D3700A8D81B /* ViewController.swift */; };
		D77B0A4F26058D3700A8D81B /* Main.storyboard in Resources */ = {isa = PBXBuildFile; fileRef = D77B0A4D26058D3700A8D81B /* Main.storyboard */; };
		D77B0A5126058D3800A8D81B /* Assets.xcassets in Resources */ = {isa = PBXBuildFile; fileRef = D77B0A5026058D3800A8D81B /* Assets.xcassets */; };
		D77B0A5426058D3800A8D81B /* LaunchScreen.storyboard in Resources */ = {isa = PBXBuildFile; fileRef = D77B0A5226058D3800A8D81B /* LaunchScreen.storyboard */; };
		D77B0A5F26058D3800A8D81B /* ParstagramTests.swift in Sources */ = {isa = PBXBuildFile; fileRef = D77B0A5E26058D3800A8D81B /* ParstagramTests.swift */; };
		D77B0A6A26058D3800A8D81B /* ParstagramUITests.swift in Sources */ = {isa = PBXBuildFile; fileRef = D77B0A6926058D3800A8D81B /* ParstagramUITests.swift */; };
/* End PBXBuildFile section */

/* Begin PBXContainerItemProxy section */
		D77B0A5B26058D3800A8D81B /* PBXContainerItemProxy */ = {
			isa = PBXContainerItemProxy;
			containerPortal = D77B0A3C26058D3700A8D81B /* Project object */;
			proxyType = 1;
			remoteGlobalIDString = D77B0A4326058D3700A8D81B;
			remoteInfo = Parstagram;
		};
		D77B0A6626058D3800A8D81B /* PBXContainerItemProxy */ = {
			isa = PBXContainerItemProxy;
			containerPortal = D77B0A3C26058D3700A8D81B /* Project object */;
			proxyType = 1;
			remoteGlobalIDString = D77B0A4326058D3700A8D81B;
			remoteInfo = Parstagram;
		};
/* End PBXContainerItemProxy section */

/* Begin PBXFileReference section */
		D77B0A4426058D3700A8D81B /* Parstagram.app */ = {isa = PBXFileReference; explicitFileType = wrapper.application; includeInIndex = 0; path = Parstagram.app; sourceTree = BUILT_PRODUCTS_DIR; };
		D77B0A4726058D3700A8D81B /* AppDelegate.swift */ = {isa = PBXFileReference; lastKnownFileType = sourcecode.swift; path = AppDelegate.swift; sourceTree = "<group>"; };
		D77B0A4926058D3700A8D81B /* SceneDelegate.swift */ = {isa = PBXFileReference; lastKnownFileType = sourcecode.swift; path = SceneDelegate.swift; sourceTree = "<group>"; };
		D77B0A4B26058D3700A8D81B /* ViewController.swift */ = {isa = PBXFileReference; lastKnownFileType = sourcecode.swift; path = ViewController.swift; sourceTree = "<group>"; };
		D77B0A4E26058D3700A8D81B /* Base */ = {isa = PBXFileReference; lastKnownFileType = file.storyboard; name = Base; path = Base.lproj/Main.storyboard; sourceTree = "<group>"; };
		D77B0A5026058D3800A8D81B /* Assets.xcassets */ = {isa = PBXFileReference; lastKnownFileType = folder.assetcatalog; path = Assets.xcassets; sourceTree = "<group>"; };
		D77B0A5326058D3800A8D81B /* Base */ = {isa = PBXFileReference; lastKnownFileType = file.storyboard; name = Base; path = Base.lproj/LaunchScreen.storyboard; sourceTree = "<group>"; };
		D77B0A5526058D3800A8D81B /* Info.plist */ = {isa = PBXFileReference; lastKnownFileType = text.plist.xml; path = Info.plist; sourceTree = "<group>"; };
		D77B0A5A26058D3800A8D81B /* ParstagramTests.xctest */ = {isa = PBXFileReference; explicitFileType = wrapper.cfbundle; includeInIndex = 0; path = ParstagramTests.xctest; sourceTree = BUILT_PRODUCTS_DIR; };
		D77B0A5E26058D3800A8D81B /* ParstagramTests.swift */ = {isa = PBXFileReference; lastKnownFileType = sourcecode.swift; path = ParstagramTests.swift; sourceTree = "<group>"; };
		D77B0A6026058D3800A8D81B /* Info.plist */ = {isa = PBXFileReference; lastKnownFileType = text.plist.xml; path = Info.plist; sourceTree = "<group>"; };
		D77B0A6526058D3800A8D81B /* ParstagramUITests.xctest */ = {isa = PBXFileReference; explicitFileType = wrapper.cfbundle; includeInIndex = 0; path = ParstagramUITests.xctest; sourceTree = BUILT_PRODUCTS_DIR; };
		D77B0A6926058D3800A8D81B /* ParstagramUITests.swift */ = {isa = PBXFileReference; lastKnownFileType = sourcecode.swift; path = ParstagramUITests.swift; sourceTree = "<group>"; };
		D77B0A6B26058D3800A8D81B /* Info.plist */ = {isa = PBXFileReference; lastKnownFileType = text.plist.xml; path = Info.plist; sourceTree = "<group>"; };
/* End PBXFileReference section */

/* Begin PBXFrameworksBuildPhase section */
		D77B0A4126058D3700A8D81B /* Frameworks */ = {
			isa = PBXFrameworksBuildPhase;
			buildActionMask = 2147483647;
			files = (
			);
			runOnlyForDeploymentPostprocessing = 0;
		};
		D77B0A5726058D3800A8D81B /* Frameworks */ = {
			isa = PBXFrameworksBuildPhase;
			buildActionMask = 2147483647;
			files = (
			);
			runOnlyForDeploymentPostprocessing = 0;
		};
		D77B0A6226058D3800A8D81B /* Frameworks */ = {
			isa = PBXFrameworksBuildPhase;
			buildActionMask = 2147483647;
			files = (
			);
			runOnlyForDeploymentPostprocessing = 0;
		};
/* End PBXFrameworksBuildPhase section */

/* Begin PBXGroup section */
		D77B0A3B26058D3700A8D81B = {
			isa = PBXGroup;
			children = (
				D77B0A4626058D3700A8D81B /* Parstagram */,
				D77B0A5D26058D3800A8D81B /* ParstagramTests */,
				D77B0A6826058D3800A8D81B /* ParstagramUITests */,
				D77B0A4526058D3700A8D81B /* Products */,
			);
			sourceTree = "<group>";
		};
		D77B0A4526058D3700A8D81B /* Products */ = {
			isa = PBXGroup;
			children = (
				D77B0A4426058D3700A8D81B /* Parstagram.app */,
				D77B0A5A26058D3800A8D81B /* ParstagramTests.xctest */,
				D77B0A6526058D3800A8D81B /* ParstagramUITests.xctest */,
			);
			name = Products;
			sourceTree = "<group>";
		};
		D77B0A4626058D3700A8D81B /* Parstagram */ = {
			isa = PBXGroup;
			children = (
				D77B0A4726058D3700A8D81B /* AppDelegate.swift */,
				D77B0A4926058D3700A8D81B /* SceneDelegate.swift */,
				D77B0A4B26058D3700A8D81B /* ViewController.swift */,
				D77B0A4D26058D3700A8D81B /* Main.storyboard */,
				D77B0A5026058D3800A8D81B /* Assets.xcassets */,
				D77B0A5226058D3800A8D81B /* LaunchScreen.storyboard */,
				D77B0A5526058D3800A8D81B /* Info.plist */,
			);
			path = Parstagram;
			sourceTree = "<group>";
		};
		D77B0A5D26058D3800A8D81B /* ParstagramTests */ = {
			isa = PBXGroup;
			children = (
				D77B0A5E26058D3800A8D81B /* ParstagramTests.swift */,
				D77B0A6026058D3800A8D81B /* Info.plist */,
			);
			path = ParstagramTests;
			sourceTree = "<group>";
		};
		D77B0A6826058D3800A8D81B /* ParstagramUITests */ = {
			isa = PBXGroup;
			children = (
				D77B0A6926058D3800A8D81B /* ParstagramUITests.swift */,
				D77B0A6B26058D3800A8D81B /* Info.plist */,
			);
			path = ParstagramUITests;
			sourceTree = "<group>";
		};
/* End PBXGroup section */

/* Begin PBXNativeTarget section */
		D77B0A4326058D3700A8D81B /* Parstagram */ = {
			isa = PBXNativeTarget;
			buildConfigurationList = D77B0A6E26058D3800A8D81B /* Build configuration list for PBXNativeTarget "Parstagram" */;
			buildPhases = (
				D77B0A4026058D3700A8D81B /* Sources */,
				D77B0A4126058D3700A8D81B /* Frameworks */,
				D77B0A4226058D3700A8D81B /* Resources */,
			);
			buildRules = (
			);
			dependencies = (
			);
			name = Parstagram;
			productName = Parstagram;
			productReference = D77B0A4426058D3700A8D81B /* Parstagram.app */;
			productType = "com.apple.product-type.application";
		};
		D77B0A5926058D3800A8D81B /* ParstagramTests */ = {
			isa = PBXNativeTarget;
			buildConfigurationList = D77B0A7126058D3800A8D81B /* Build configuration list for PBXNativeTarget "ParstagramTests" */;
			buildPhases = (
				D77B0A5626058D3800A8D81B /* Sources */,
				D77B0A5726058D3800A8D81B /* Frameworks */,
				D77B0A5826058D3800A8D81B /* Resources */,
			);
			buildRules = (
			);
			dependencies = (
				D77B0A5C26058D3800A8D81B /* PBXTargetDependency */,
			);
			name = ParstagramTests;
			productName = ParstagramTests;
			productReference = D77B0A5A26058D3800A8D81B /* ParstagramTests.xctest */;
			productType = "com.apple.product-type.bundle.unit-test";
		};
		D77B0A6426058D3800A8D81B /* ParstagramUITests */ = {
			isa = PBXNativeTarget;
			buildConfigurationList = D77B0A7426058D3800A8D81B /* Build configuration list for PBXNativeTarget "ParstagramUITests" */;
			buildPhases = (
				D77B0A6126058D3800A8D81B /* Sources */,
				D77B0A6226058D3800A8D81B /* Frameworks */,
				D77B0A6326058D3800A8D81B /* Resources */,
			);
			buildRules = (
			);
			dependencies = (
				D77B0A6726058D3800A8D81B /* PBXTargetDependency */,
			);
			name = ParstagramUITests;
			productName = ParstagramUITests;
			productReference = D77B0A6526058D3800A8D81B /* ParstagramUITests.xctest */;
			productType = "com.apple.product-type.bundle.ui-testing";
		};
/* End PBXNativeTarget section */

/* Begin PBXProject section */
		D77B0A3C26058D3700A8D81B /* Project object */ = {
			isa = PBXProject;
			attributes = {
				LastSwiftUpdateCheck = 1240;
				LastUpgradeCheck = 1240;
				TargetAttributes = {
					D77B0A4326058D3700A8D81B = {
						CreatedOnToolsVersion = 12.4;
					};
					D77B0A5926058D3800A8D81B = {
						CreatedOnToolsVersion = 12.4;
						TestTargetID = D77B0A4326058D3700A8D81B;
					};
					D77B0A6426058D3800A8D81B = {
						CreatedOnToolsVersion = 12.4;
						TestTargetID = D77B0A4326058D3700A8D81B;
					};
				};
			};
			buildConfigurationList = D77B0A3F26058D3700A8D81B /* Build configuration list for PBXProject "Parstagram" */;
			compatibilityVersion = "Xcode 9.3";
			developmentRegion = en;
			hasScannedForEncodings = 0;
			knownRegions = (
				en,
				Base,
			);
			mainGroup = D77B0A3B26058D3700A8D81B;
			productRefGroup = D77B0A4526058D3700A8D81B /* Products */;
			projectDirPath = "";
			projectRoot = "";
			targets = (
				D77B0A4326058D3700A8D81B /* Parstagram */,
				D77B0A5926058D3800A8D81B /* ParstagramTests */,
				D77B0A6426058D3800A8D81B /* ParstagramUITests */,
			);
		};
/* End PBXProject section */

/* Begin PBXResourcesBuildPhase section */
		D77B0A4226058D3700A8D81B /* Resources */ = {
			isa = PBXResourcesBuildPhase;
			buildActionMask = 2147483647;
			files = (
				D77B0A5426058D3800A8D81B /* LaunchScreen.storyboard in Resources */,
				D77B0A5126058D3800A8D81B /* Assets.xcassets in Resources */,
				D77B0A4F26058D3700A8D81B /* Main.storyboard in Resources */,
			);
			runOnlyForDeploymentPostprocessing = 0;
		};
		D77B0A5826058D3800A8D81B /* Resources */ = {
			isa = PBXResourcesBuildPhase;
			buildActionMask = 2147483647;
			files = (
			);
			runOnlyForDeploymentPostprocessing = 0;
		};
		D77B0A6326058D3800A8D81B /* Resources */ = {
			isa = PBXResourcesBuildPhase;
			buildActionMask = 2147483647;
			files = (
			);
			runOnlyForDeploymentPostprocessing = 0;
		};
/* End PBXResourcesBuildPhase section */

/* Begin PBXSourcesBuildPhase section */
		D77B0A4026058D3700A8D81B /* Sources */ = {
			isa = PBXSourcesBuildPhase;
			buildActionMask = 2147483647;
			files = (
				D77B0A4C26058D3700A8D81B /* ViewController.swift in Sources */,
				D77B0A4826058D3700A8D81B /* AppDelegate.swift in Sources */,
				D77B0A4A26058D3700A8D81B /* SceneDelegate.swift in Sources */,
			);
			runOnlyForDeploymentPostprocessing = 0;
		};
		D77B0A5626058D3800A8D81B /* Sources */ = {
			isa = PBXSourcesBuildPhase;
			buildActionMask = 2147483647;
			files = (
				D77B0A5F26058D3800A8D81B /* ParstagramTests.swift in Sources */,
			);
			runOnlyForDeploymentPostprocessing = 0;
		};
		D77B0A6126058D3800A8D81B /* Sources */ = {
			isa = PBXSourcesBuildPhase;
			buildActionMask = 2147483647;
			files = (
				D77B0A6A26058D3800A8D81B /* ParstagramUITests.swift in Sources */,
			);
			runOnlyForDeploymentPostprocessing = 0;
		};
/* End PBXSourcesBuildPhase section */

/* Begin PBXTargetDependency section */
		D77B0A5C26058D3800A8D81B /* PBXTargetDependency */ = {
			isa = PBXTargetDependency;
			target = D77B0A4326058D3700A8D81B /* Parstagram */;
			targetProxy = D77B0A5B26058D3800A8D81B /* PBXContainerItemProxy */;
		};
		D77B0A6726058D3800A8D81B /* PBXTargetDependency */ = {
			isa = PBXTargetDependency;
			target = D77B0A4326058D3700A8D81B /* Parstagram */;
			targetProxy = D77B0A6626058D3800A8D81B /* PBXContainerItemProxy */;
		};
/* End PBXTargetDependency section */

/* Begin PBXVariantGroup section */
		D77B0A4D26058D3700A8D81B /* Main.storyboard */ = {
			isa = PBXVariantGroup;
			children = (
				D77B0A4E26058D3700A8D81B /* Base */,
			);
			name = Main.storyboard;
			sourceTree = "<group>";
		};
		D77B0A5226058D3800A8D81B /* LaunchScreen.storyboard */ = {
			isa = PBXVariantGroup;
			children = (
				D77B0A5326058D3800A8D81B /* Base */,
			);
			name = LaunchScreen.storyboard;
			sourceTree = "<group>";
		};
/* End PBXVariantGroup section */

/* Begin XCBuildConfiguration section */
		D77B0A6C26058D3800A8D81B /* Debug */ = {
			isa = XCBuildConfiguration;
			buildSettings = {
				ALWAYS_SEARCH_USER_PATHS = NO;
				CLANG_ANALYZER_NONNULL = YES;
				CLANG_ANALYZER_NUMBER_OBJECT_CONVERSION = YES_AGGRESSIVE;
				CLANG_CXX_LANGUAGE_STANDARD = "gnu++14";
				CLANG_CXX_LIBRARY = "libc++";
				CLANG_ENABLE_MODULES = YES;
				CLANG_ENABLE_OBJC_ARC = YES;
				CLANG_ENABLE_OBJC_WEAK = YES;
				CLANG_WARN_BLOCK_CAPTURE_AUTORELEASING = YES;
				CLANG_WARN_BOOL_CONVERSION = YES;
				CLANG_WARN_COMMA = YES;
				CLANG_WARN_CONSTANT_CONVERSION = YES;
				CLANG_WARN_DEPRECATED_OBJC_IMPLEMENTATIONS = YES;
				CLANG_WARN_DIRECT_OBJC_ISA_USAGE = YES_ERROR;
				CLANG_WARN_DOCUMENTATION_COMMENTS = YES;
				CLANG_WARN_EMPTY_BODY = YES;
				CLANG_WARN_ENUM_CONVERSION = YES;
				CLANG_WARN_INFINITE_RECURSION = YES;
				CLANG_WARN_INT_CONVERSION = YES;
				CLANG_WARN_NON_LITERAL_NULL_CONVERSION = YES;
				CLANG_WARN_OBJC_IMPLICIT_RETAIN_SELF = YES;
				CLANG_WARN_OBJC_LITERAL_CONVERSION = YES;
				CLANG_WARN_OBJC_ROOT_CLASS = YES_ERROR;
				CLANG_WARN_QUOTED_INCLUDE_IN_FRAMEWORK_HEADER = YES;
				CLANG_WARN_RANGE_LOOP_ANALYSIS = YES;
				CLANG_WARN_STRICT_PROTOTYPES = YES;
				CLANG_WARN_SUSPICIOUS_MOVE = YES;
				CLANG_WARN_UNGUARDED_AVAILABILITY = YES_AGGRESSIVE;
				CLANG_WARN_UNREACHABLE_CODE = YES;
				CLANG_WARN__DUPLICATE_METHOD_MATCH = YES;
				COPY_PHASE_STRIP = NO;
				DEBUG_INFORMATION_FORMAT = dwarf;
				ENABLE_STRICT_OBJC_MSGSEND = YES;
				ENABLE_TESTABILITY = YES;
				GCC_C_LANGUAGE_STANDARD = gnu11;
				GCC_DYNAMIC_NO_PIC = NO;
				GCC_NO_COMMON_BLOCKS = YES;
				GCC_OPTIMIZATION_LEVEL = 0;
				GCC_PREPROCESSOR_DEFINITIONS = (
					"DEBUG=1",
					"$(inherited)",
				);
				GCC_WARN_64_TO_32_BIT_CONVERSION = YES;
				GCC_WARN_ABOUT_RETURN_TYPE = YES_ERROR;
				GCC_WARN_UNDECLARED_SELECTOR = YES;
				GCC_WARN_UNINITIALIZED_AUTOS = YES_AGGRESSIVE;
				GCC_WARN_UNUSED_FUNCTION = YES;
				GCC_WARN_UNUSED_VARIABLE = YES;
				IPHONEOS_DEPLOYMENT_TARGET = 14.4;
				MTL_ENABLE_DEBUG_INFO = INCLUDE_SOURCE;
				MTL_FAST_MATH = YES;
				ONLY_ACTIVE_ARCH = YES;
				SDKROOT = iphoneos;
				SWIFT_ACTIVE_COMPILATION_CONDITIONS = DEBUG;
				SWIFT_OPTIMIZATION_LEVEL = "-Onone";
			};
			name = Debug;
		};
		D77B0A6D26058D3800A8D81B /* Release */ = {
			isa = XCBuildConfiguration;
			buildSettings = {
				ALWAYS_SEARCH_USER_PATHS = NO;
				CLANG_ANALYZER_NONNULL = YES;
				CLANG_ANALYZER_NUMBER_OBJECT_CONVERSION = YES_AGGRESSIVE;
				CLANG_CXX_LANGUAGE_STANDARD = "gnu++14";
				CLANG_CXX_LIBRARY = "libc++";
				CLANG_ENABLE_MODULES = YES;
				CLANG_ENABLE_OBJC_ARC = YES;
				CLANG_ENABLE_OBJC_WEAK = YES;
				CLANG_WARN_BLOCK_CAPTURE_AUTORELEASING = YES;
				CLANG_WARN_BOOL_CONVERSION = YES;
				CLANG_WARN_COMMA = YES;
				CLANG_WARN_CONSTANT_CONVERSION = YES;
				CLANG_WARN_DEPRECATED_OBJC_IMPLEMENTATIONS = YES;
				CLANG_WARN_DIRECT_OBJC_ISA_USAGE = YES_ERROR;
				CLANG_WARN_DOCUMENTATION_COMMENTS = YES;
				CLANG_WARN_EMPTY_BODY = YES;
				CLANG_WARN_ENUM_CONVERSION = YES;
				CLANG_WARN_INFINITE_RECURSION = YES;
				CLANG_WARN_INT_CONVERSION = YES;
				CLANG_WARN_NON_LITERAL_NULL_CONVERSION = YES;
				CLANG_WARN_OBJC_IMPLICIT_RETAIN_SELF = YES;
				CLANG_WARN_OBJC_LITERAL_CONVERSION = YES;
				CLANG_WARN_OBJC_ROOT_CLASS = YES_ERROR;
				CLANG_WARN_QUOTED_INCLUDE_IN_FRAMEWORK_HEADER = YES;
				CLANG_WARN_RANGE_LOOP_ANALYSIS = YES;
				CLANG_WARN_STRICT_PROTOTYPES = YES;
				CLANG_WARN_SUSPICIOUS_MOVE = YES;
				CLANG_WARN_UNGUARDED_AVAILABILITY = YES_AGGRESSIVE;
				CLANG_WARN_UNREACHABLE_CODE = YES;
				CLANG_WARN__DUPLICATE_METHOD_MATCH = YES;
				COPY_PHASE_STRIP = NO;
				DEBUG_INFORMATION_FORMAT = "dwarf-with-dsym";
				ENABLE_NS_ASSERTIONS = NO;
				ENABLE_STRICT_OBJC_MSGSEND = YES;
				GCC_C_LANGUAGE_STANDARD = gnu11;
				GCC_NO_COMMON_BLOCKS = YES;
				GCC_WARN_64_TO_32_BIT_CONVERSION = YES;
				GCC_WARN_ABOUT_RETURN_TYPE = YES_ERROR;
				GCC_WARN_UNDECLARED_SELECTOR = YES;
				GCC_WARN_UNINITIALIZED_AUTOS = YES_AGGRESSIVE;
				GCC_WARN_UNUSED_FUNCTION = YES;
				GCC_WARN_UNUSED_VARIABLE = YES;
				IPHONEOS_DEPLOYMENT_TARGET = 14.4;
				MTL_ENABLE_DEBUG_INFO = NO;
				MTL_FAST_MATH = YES;
				SDKROOT = iphoneos;
				SWIFT_COMPILATION_MODE = wholemodule;
				SWIFT_OPTIMIZATION_LEVEL = "-O";
				VALIDATE_PRODUCT = YES;
			};
			name = Release;
		};
		D77B0A6F26058D3800A8D81B /* Debug */ = {
			isa = XCBuildConfiguration;
			buildSettings = {
				ASSETCATALOG_COMPILER_APPICON_NAME = AppIcon;
				ASSETCATALOG_COMPILER_GLOBAL_ACCENT_COLOR_NAME = AccentColor;
				CODE_SIGN_STYLE = Automatic;
				INFOPLIST_FILE = Parstagram/Info.plist;
				LD_RUNPATH_SEARCH_PATHS = (
					"$(inherited)",
					"@executable_path/Frameworks",
				);
				PRODUCT_BUNDLE_IDENTIFIER = codepath.Parstagram;
				PRODUCT_NAME = "$(TARGET_NAME)";
				SWIFT_VERSION = 5.0;
				TARGETED_DEVICE_FAMILY = "1,2";
			};
			name = Debug;
		};
		D77B0A7026058D3800A8D81B /* Release */ = {
			isa = XCBuildConfiguration;
			buildSettings = {
				ASSETCATALOG_COMPILER_APPICON_NAME = AppIcon;
				ASSETCATALOG_COMPILER_GLOBAL_ACCENT_COLOR_NAME = AccentColor;
				CODE_SIGN_STYLE = Automatic;
				INFOPLIST_FILE = Parstagram/Info.plist;
				LD_RUNPATH_SEARCH_PATHS = (
					"$(inherited)",
					"@executable_path/Frameworks",
				);
				PRODUCT_BUNDLE_IDENTIFIER = codepath.Parstagram;
				PRODUCT_NAME = "$(TARGET_NAME)";
				SWIFT_VERSION = 5.0;
				TARGETED_DEVICE_FAMILY = "1,2";
			};
			name = Release;
		};
		D77B0A7226058D3800A8D81B /* Debug */ = {
			isa = XCBuildConfiguration;
			buildSettings = {
				ALWAYS_EMBED_SWIFT_STANDARD_LIBRARIES = YES;
				BUNDLE_LOADER = "$(TEST_HOST)";
				CODE_SIGN_STYLE = Automatic;
				INFOPLIST_FILE = ParstagramTests/Info.plist;
				IPHONEOS_DEPLOYMENT_TARGET = 14.4;
				LD_RUNPATH_SEARCH_PATHS = (
					"$(inherited)",
					"@executable_path/Frameworks",
					"@loader_path/Frameworks",
				);
				PRODUCT_BUNDLE_IDENTIFIER = codepath.ParstagramTests;
				PRODUCT_NAME = "$(TARGET_NAME)";
				SWIFT_VERSION = 5.0;
				TARGETED_DEVICE_FAMILY = "1,2";
				TEST_HOST = "$(BUILT_PRODUCTS_DIR)/Parstagram.app/Parstagram";
			};
			name = Debug;
		};
		D77B0A7326058D3800A8D81B /* Release */ = {
			isa = XCBuildConfiguration;
			buildSettings = {
				ALWAYS_EMBED_SWIFT_STANDARD_LIBRARIES = YES;
				BUNDLE_LOADER = "$(TEST_HOST)";
				CODE_SIGN_STYLE = Automatic;
				INFOPLIST_FILE = ParstagramTests/Info.plist;
				IPHONEOS_DEPLOYMENT_TARGET = 14.4;
				LD_RUNPATH_SEARCH_PATHS = (
					"$(inherited)",
					"@executable_path/Frameworks",
					"@loader_path/Frameworks",
				);
				PRODUCT_BUNDLE_IDENTIFIER = codepath.ParstagramTests;
				PRODUCT_NAME = "$(TARGET_NAME)";
				SWIFT_VERSION = 5.0;
				TARGETED_DEVICE_FAMILY = "1,2";
				TEST_HOST = "$(BUILT_PRODUCTS_DIR)/Parstagram.app/Parstagram";
			};
			name = Release;
		};
		D77B0A7526058D3800A8D81B /* Debug */ = {
			isa = XCBuildConfiguration;
			buildSettings = {
				ALWAYS_EMBED_SWIFT_STANDARD_LIBRARIES = YES;
				CODE_SIGN_STYLE = Automatic;
				INFOPLIST_FILE = ParstagramUITests/Info.plist;
				LD_RUNPATH_SEARCH_PATHS = (
					"$(inherited)",
					"@executable_path/Frameworks",
					"@loader_path/Frameworks",
				);
				PRODUCT_BUNDLE_IDENTIFIER = codepath.ParstagramUITests;
				PRODUCT_NAME = "$(TARGET_NAME)";
				SWIFT_VERSION = 5.0;
				TARGETED_DEVICE_FAMILY = "1,2";
				TEST_TARGET_NAME = Parstagram;
			};
			name = Debug;
		};
		D77B0A7626058D3800A8D81B /* Release */ = {
			isa = XCBuildConfiguration;
			buildSettings = {
				ALWAYS_EMBED_SWIFT_STANDARD_LIBRARIES = YES;
				CODE_SIGN_STYLE = Automatic;
				INFOPLIST_FILE = ParstagramUITests/Info.plist;
				LD_RUNPATH_SEARCH_PATHS = (
					"$(inherited)",
					"@executable_path/Frameworks",
					"@loader_path/Frameworks",
				);
				PRODUCT_BUNDLE_IDENTIFIER = codepath.ParstagramUITests;
				PRODUCT_NAME = "$(TARGET_NAME)";
				SWIFT_VERSION = 5.0;
				TARGETED_DEVICE_FAMILY = "1,2";
				TEST_TARGET_NAME = Parstagram;
			};
			name = Release;
		};
/* End XCBuildConfiguration section */

/* Begin XCConfigurationList section */
		D77B0A3F26058D3700A8D81B /* Build configuration list for PBXProject "Parstagram" */ = {
			isa = XCConfigurationList;
			buildConfigurations = (
				D77B0A6C26058D3800A8D81B /* Debug */,
				D77B0A6D26058D3800A8D81B /* Release */,
			);
			defaultConfigurationIsVisible = 0;
			defaultConfigurationName = Release;
		};
		D77B0A6E26058D3800A8D81B /* Build configuration list for PBXNativeTarget "Parstagram" */ = {
			isa = XCConfigurationList;
			buildConfigurations = (
				D77B0A6F26058D3800A8D81B /* Debug */,
				D77B0A7026058D3800A8D81B /* Release */,
			);
			defaultConfigurationIsVisible = 0;
			defaultConfigurationName = Release;
		};
		D77B0A7126058D3800A8D81B /* Build configuration list for PBXNativeTarget "ParstagramTests" */ = {
			isa = XCConfigurationList;
			buildConfigurations = (
				D77B0A7226058D3800A8D81B /* Debug */,
				D77B0A7326058D3800A8D81B /* Release */,
			);
			defaultConfigurationIsVisible = 0;
			defaultConfigurationName = Release;
		};
		D77B0A7426058D3800A8D81B /* Build configuration list for PBXNativeTarget "ParstagramUITests" */ = {
			isa = XCConfigurationList;
			buildConfigurations = (
				D77B0A7526058D3800A8D81B /* Debug */,
				D77B0A7626058D3800A8D81B /* Release */,
			);
			defaultConfigurationIsVisible = 0;
			defaultConfigurationName = Release;
		};
/* End XCConfigurationList section */
	};
	rootObject = D77B0A3C26058D3700A8D81B /* Project object */;
}
